
Microsoft Visual Studio Solution File, Format Version 12.00
# Visual Studio 15
VisualStudioVersion = 15.0.28010.2003
MinimumVisualStudioVersion = 10.0.40219.1
Project("{FAE04EC0-301F-11D3-BF4B-00C04F79EFBC}") = "Arcon_Be", "Arcon_Be\Arcon_Be.csproj", "{8BA45198-ECC7-4E76-807B-5CF709056B5B}"
EndProject
Project("{FAE04EC0-301F-11D3-BF4B-00C04F79EFBC}") = "Arcon_Be.Tests", "Arcon_Be.Tests\Arcon_Be.Tests.csproj", "{AF9B4F80-1677-40D9-BA46-D7B06C573B0B}"
EndProject
Global
	GlobalSection(SolutionConfigurationPlatforms) = preSolution
		Debug|Any CPU = Debug|Any CPU
		Release|Any CPU = Release|Any CPU
	EndGlobalSection
	GlobalSection(ProjectConfigurationPlatforms) = postSolution
		{8BA45198-ECC7-4E76-807B-5CF709056B5B}.Debug|Any CPU.ActiveCfg = Debug|Any CPU
		{8BA45198-ECC7-4E76-807B-5CF709056B5B}.Debug|Any CPU.Build.0 = Debug|Any CPU
		{8BA45198-ECC7-4E76-807B-5CF709056B5B}.Release|Any CPU.ActiveCfg = Release|Any CPU
		{8BA45198-ECC7-4E76-807B-5CF709056B5B}.Release|Any CPU.Build.0 = Release|Any CPU
		{AF9B4F80-1677-40D9-BA46-D7B06C573B0B}.Debug|Any CPU.ActiveCfg = Debug|Any CPU
		{AF9B4F80-1677-40D9-BA46-D7B06C573B0B}.Debug|Any CPU.Build.0 = Debug|Any CPU
		{AF9B4F80-1677-40D9-BA46-D7B06C573B0B}.Release|Any CPU.ActiveCfg = Release|Any CPU
		{AF9B4F80-1677-40D9-BA46-D7B06C573B0B}.Release|Any CPU.Build.0 = Release|Any CPU
	EndGlobalSection
	GlobalSection(SolutionProperties) = preSolution
		HideSolutionNode = FALSE
	EndGlobalSection
	GlobalSection(ExtensibilityGlobals) = postSolution
		SolutionGuid = {E51023D7-2C62-4C07-910B-B18ABB2FE75C}
	EndGlobalSection
EndGlobal
